{
  "object": {
    "pins": [
      {
        "package": "CwlCatchException",
        "repositoryURL": "https://github.com/mattgallagher/CwlCatchException.git",
        "state": {
          "branch": null,
          "revision": "3b123999de19bf04905bc1dfdb76f817b0f2cc00",
          "version": "2.1.2"
        }
      },
      {
        "package": "CwlPreconditionTesting",
        "repositoryURL": "https://github.com/mattgallagher/CwlPreconditionTesting.git",
        "state": {
          "branch": null,
          "revision": "dc9af4781f2afdd1e68e90f80b8603be73ea7abc",
          "version": "2.2.0"
        }
      },
      {
        "package": "Nimble",
        "repositoryURL": "https://github.com/Quick/Nimble.git",
        "state": {
          "branch": null,
          "revision": "c93f16c25af5770f0d3e6af27c9634640946b068",
          "version": "9.2.1"
        }
      },
      {
        "package": "Quick",
        "repositoryURL": "https://github.com/Quick/Quick.git",
        "state": {
          "branch": null,
          "revision": "bd86ca0141e3cfb333546de5a11ede63f0c4a0e6",
          "version": "4.0.0"
        }
      },
      {
        "package": "SwiftDocCPlugin",
        "repositoryURL": "https://github.com/apple/swift-docc-plugin",
        "state": {
          "branch": null,
          "revision": "26ac5758409154cc448d7ab82389c520fa8a8247",
          "version": "1.3.0"
        }
      },
      {
        "package": "SymbolKit",
        "repositoryURL": "https://github.com/apple/swift-docc-symbolkit",
        "state": {
          "branch": null,
          "revision": "b45d1f2ed151d057b54504d653e0da5552844e34",
          "version": "1.0.0"
        }
      },
      {
        "package": "ZIPFoundation",
        "repositoryURL": "https://github.com/weichsel/ZIPFoundation/",
        "state": {
          "branch": null,
          "revision": "a3f5c2bae0f04b0bce9ef3c4ba6bd1031a0564c4",
          "version": "0.9.17"
        }
      }
    ]
  },
  "version": 1
}
